github.com/Binject/debug v0.0.0-20211007083345-9605c99179ee h1:neBp9wDYVY4Uu1gGlrL+IL4JeZslz+hGEAjBXGAPWak=
github.com/Binject/debug v0.0.0-20211007083345-9605c99179ee/go.mod h1:QzgxDLY/qdKlvnbnb65eqTedhvQPbaSP2NqIbcuKvsQ=
github.com/awgh/rawreader v0.0.0-20200626064944-56820a9c6da4 h1:cIAK2NNf2yafdgpFRNJrgZMwvy61BEVpGoHc2n4/yWs=
github.com/awgh/rawreader v0.0.0-20200626064944-56820a9c6da4/go.mod h1:SalMPBCab3yuID8nIhLfzwoBV+lBRyaC7NhuN8qL8xE=
golang.org/x/sys v0.0.0-20220627191245-f75cf1eec38b h1:2n253B2r0pYSmEV+UNCQoPfU/FiaizQEK5Gu4Bq4JE8=
golang.org/x/sys v0.0.0-20220627191245-f75cf1eec38b/go.mod h1:oPkhp1MJrh7nUepCBck5+mAzfO9JrbApNNgaTdGDITg=
